github.com/essentialkaos/check v1.3.0 h1:ria+8o22RCLdt2D/1SHQsEH5Mmy5S+iWHaGHrrbPUc0=
github.com/essentialkaos/ek/v12 v12.57.0 h1:FUl5ZUF7czjZXROYVoJamGTWqEIGuZEHrm1DLfzq43I=
github.com/essentialkaos/ek/v12 v12.57.0/go.mod h1:G8ghiSKh8ToJQCdB2bAhE3CnI6dn9nTJdWH3bQIVr1U=
github.com/kr/pretty v0.3.0 h1:WgNl7dwNpEZ6jJ9k1snq4pZsg7DOEN8hP9Xw0Tsjwk0=
github.com/kr/text v0.2.0 h1:5Nx0Ya0ZqY2ygV366QzturHI13Jq95ApcVaJBhpS+AY=
github.com/rogpeppe/go-internal v1.8.1 h1:geMPLpDpQOgVyCg5z5GoRwLHepNdb71NXb67XFkP+Eg=
golang.org/x/sys v0.0.0-20220928140112-f11e5e49a4ec h1:BkDtF2Ih9xZ7le9ndzTA7KJow28VbQW3odyk/8drmuI=
golang.org/x/sys v0.0.0-20220928140112-f11e5e49a4ec/go.mod h1:oPkhp1MJrh7nUepCBck5+mAzfO9JrbApNNgaTdGDITg=
